
Microsoft Visual Studio Solution File, Format Version 12.00
# Visual Studio Version 17
VisualStudioVersion = 17.0.31919.166
MinimumVisualStudioVersion = 10.0.40219.1
Project("{FAE04EC0-301F-11D3-BF4B-00C04F79EFBC}") = "btap3", "btap3\btap3.csproj", "{278924A8-7738-4894-A79D-D6D589100931}"
EndProject
Global
	GlobalSection(SolutionConfigurationPlatforms) = preSolution
		Debug|Any CPU = Debug|Any CPU
		Release|Any CPU = Release|Any CPU
	EndGlobalSection
	GlobalSection(ProjectConfigurationPlatforms) = postSolution
		{278924A8-7738-4894-A79D-D6D589100931}.Debug|Any CPU.ActiveCfg = Debug|Any CPU
		{278924A8-7738-4894-A79D-D6D589100931}.Debug|Any CPU.Build.0 = Debug|Any CPU
		{278924A8-7738-4894-A79D-D6D589100931}.Release|Any CPU.ActiveCfg = Release|Any CPU
		{278924A8-7738-4894-A79D-D6D589100931}.Release|Any CPU.Build.0 = Release|Any CPU
	EndGlobalSection
	GlobalSection(SolutionProperties) = preSolution
		HideSolutionNode = FALSE
	EndGlobalSection
	GlobalSection(ExtensibilityGlobals) = postSolution
		SolutionGuid = {CE81676C-68ED-480B-86ED-27F7471B83E1}
	EndGlobalSection
EndGlobal
