
Microsoft Visual Studio Solution File, Format Version 12.00
# Visual Studio Version 17
VisualStudioVersion = 17.0.31919.166
MinimumVisualStudioVersion = 10.0.40219.1
Project("{FAE04EC0-301F-11D3-BF4B-00C04F79EFBC}") = "baitap1", "baitap1\baitap1.csproj", "{99F4323F-DA74-432E-9BCA-1134307EC9C4}"
EndProject
Global
	GlobalSection(SolutionConfigurationPlatforms) = preSolution
		Debug|Any CPU = Debug|Any CPU
		Release|Any CPU = Release|Any CPU
	EndGlobalSection
	GlobalSection(ProjectConfigurationPlatforms) = postSolution
		{99F4323F-DA74-432E-9BCA-1134307EC9C4}.Debug|Any CPU.ActiveCfg = Debug|Any CPU
		{99F4323F-DA74-432E-9BCA-1134307EC9C4}.Debug|Any CPU.Build.0 = Debug|Any CPU
		{99F4323F-DA74-432E-9BCA-1134307EC9C4}.Release|Any CPU.ActiveCfg = Release|Any CPU
		{99F4323F-DA74-432E-9BCA-1134307EC9C4}.Release|Any CPU.Build.0 = Release|Any CPU
	EndGlobalSection
	GlobalSection(SolutionProperties) = preSolution
		HideSolutionNode = FALSE
	EndGlobalSection
	GlobalSection(ExtensibilityGlobals) = postSolution
		SolutionGuid = {82A59E5E-5458-4843-917B-4A6A3A8D69AE}
	EndGlobalSection
EndGlobal
